github.com/chk-n/retry v1.0.0 h1:3QE+NCBgMtkbghyDi7OE3sMMpWmryoxvD74WavamYSM=
github.com/chk-n/retry v1.0.0/go.mod h1:gIwSt+hlbW94h8AnFsl1LFzzdbrhdnDjKAjEpoNDbz0=
github.com/rs/xid v1.4.0 h1:qd7wPTDkN6KQx2VmMBLrpHkiyQwgFXRnkOLacUiaSNY=
github.com/rs/xid v1.4.0/go.mod h1:trrq9SKmegXys3aeAKXMUTdJsYXVwGY3RLcfgqegfbg=
